
Microsoft Visual Studio Solution File, Format Version 12.00
# Visual Studio Version 17
VisualStudioVersion = 17.14.36705.20 d17.14
MinimumVisualStudioVersion = 10.0.40219.1
Project("{FAE04EC0-301F-11D3-BF4B-00C04F79EFBC}") = "RandomNummber", "RandomNummber\RandomNummber.csproj", "{0338A906-F9A8-42DC-BFC9-4351B3AD908F}"
EndProject
Global
	GlobalSection(SolutionConfigurationPlatforms) = preSolution
		Debug|Any CPU = Debug|Any CPU
		Release|Any CPU = Release|Any CPU
	EndGlobalSection
	GlobalSection(ProjectConfigurationPlatforms) = postSolution
		{0338A906-F9A8-42DC-BFC9-4351B3AD908F}.Debug|Any CPU.ActiveCfg = Debug|Any CPU
		{0338A906-F9A8-42DC-BFC9-4351B3AD908F}.Debug|Any CPU.Build.0 = Debug|Any CPU
		{0338A906-F9A8-42DC-BFC9-4351B3AD908F}.Release|Any CPU.ActiveCfg = Release|Any CPU
		{0338A906-F9A8-42DC-BFC9-4351B3AD908F}.Release|Any CPU.Build.0 = Release|Any CPU
	EndGlobalSection
	GlobalSection(SolutionProperties) = preSolution
		HideSolutionNode = FALSE
	EndGlobalSection
	GlobalSection(ExtensibilityGlobals) = postSolution
		SolutionGuid = {E0900213-1C5A-4AFD-B91F-30F3CEED454D}
	EndGlobalSection
EndGlobal
